# This file is generated by running "yarn install" inside your project.
# Manual changes might be lost - proceed with caution!

__metadata:
  version: 8
  cacheKey: 10c0

"@improbable-eng/grpc-web-node-http-transport@npm:0.15.0":
  version: 0.15.0
  resolution: "@improbable-eng/grpc-web-node-http-transport@npm:0.15.0"
  peerDependencies:
    "@improbable-eng/grpc-web": ">=0.13.0"
  checksum: 10c0/3a33cbc8b5182fa7caed005fe09eadb6018dcbbd981bbd49fd512a6b82275c329e945aadce394125e17708949aac951ac3235925df32f841c62adceb24f16762
  languageName: node
  linkType: hard

"@improbable-eng/grpc-web@npm:0.15.0":
  version: 0.15.0
  resolution: "@improbable-eng/grpc-web@npm:0.15.0"
  dependencies:
    browser-headers: "npm:^0.4.1"
  peerDependencies:
    google-protobuf: ^3.14.0
  checksum: 10c0/98949a73bf98a54e5df02a3a13e3dadad83a610a35ed57600e566a842777e02bec71de413e42a7728267a38c5ccf30af67fe516486e68546c2701e95d2446f5c
  languageName: node
  linkType: hard

"@types/google-protobuf@npm:^3.15.12":
  version: 3.15.12
  resolution: "@types/google-protobuf@npm:3.15.12"
  checksum: 10c0/721783234e627f367dd710c345a1eaa9dca4ac64910032cef0c851c1821e05d06ffb51e9d1693080f1c0797a8674f89130fa56a390395ec7791ea8506d2f3bfb
  languageName: node
  linkType: hard

"@types/node@npm:^22.14.0":
  version: 22.14.0
  resolution: "@types/node@npm:22.14.0"
  dependencies:
    undici-types: "npm:~6.21.0"
  checksum: 10c0/9d79f3fa1af9c2c869514f419c4a4905b34c10e12915582fd1784868ac4e74c6d306cf5eb47ef889b6750ab85a31be96618227b86739c4a3e0b1c15063f384c6
  languageName: node
  linkType: hard

"browser-headers@npm:^0.4.1":
  version: 0.4.1
  resolution: "browser-headers@npm:0.4.1"
  checksum: 10c0/3b08864bb955b295ab3dd6ab775c7798096c2e85486571803b4070ec484de83ccceebe531a8b00d5daf4463fada5e7ca18cd1a71cc1ee0dfdbab705332318cef
  languageName: node
  linkType: hard

"google-protobuf@npm:^3.21.4":
  version: 3.21.4
  resolution: "google-protobuf@npm:3.21.4"
  checksum: 10c0/28f2800f7fe1a8fc55eb58ba76e158268407bfb3b90646eaf8a177dd92a2e522459b773f8132ae546e60ac3b6f5947557a1cf3d963a05bb594f43bcde640f54f
  languageName: node
  linkType: hard

"grpc-web-node-ts-client@workspace:.":
  version: 0.0.0-use.local
  resolution: "grpc-web-node-ts-client@workspace:."
  dependencies:
    "@improbable-eng/grpc-web": "npm:0.15.0"
    "@improbable-eng/grpc-web-node-http-transport": "npm:0.15.0"
    "@types/google-protobuf": "npm:^3.15.12"
    "@types/node": "npm:^22.14.0"
    google-protobuf: "npm:^3.21.4"
    typescript: "npm:^5.8.3"
  languageName: unknown
  linkType: soft

"typescript@npm:^5.8.3":
  version: 5.8.3
  resolution: "typescript@npm:5.8.3"
  bin:
    tsc: bin/tsc
    tsserver: bin/tsserver
  checksum: 10c0/5f8bb01196e542e64d44db3d16ee0e4063ce4f3e3966df6005f2588e86d91c03e1fb131c2581baf0fb65ee79669eea6e161cd448178986587e9f6844446dbb48
  languageName: node
  linkType: hard

"typescript@patch:typescript@npm%3A^5.8.3#optional!builtin<compat/typescript>":
  version: 5.8.3
  resolution: "typescript@patch:typescript@npm%3A5.8.3#optional!builtin<compat/typescript>::version=5.8.3&hash=5786d5"
  bin:
    tsc: bin/tsc
    tsserver: bin/tsserver
  checksum: 10c0/39117e346ff8ebd87ae1510b3a77d5d92dae5a89bde588c747d25da5c146603a99c8ee588c7ef80faaf123d89ed46f6dbd918d534d641083177d5fac38b8a1cb
  languageName: node
  linkType: hard

"undici-types@npm:~6.21.0":
  version: 6.21.0
  resolution: "undici-types@npm:6.21.0"
  checksum: 10c0/c01ed51829b10aa72fc3ce64b747f8e74ae9b60eafa19a7b46ef624403508a54c526ffab06a14a26b3120d055e1104d7abe7c9017e83ced038ea5cf52f8d5e04
  languageName: node
  linkType: hard
